
Microsoft Visual Studio Solution File, Format Version 12.00
# Visual Studio 15
VisualStudioVersion = 15.0.28307.779
MinimumVisualStudioVersion = 10.0.40219.1
Project("{FAE04EC0-301F-11D3-BF4B-00C04F79EFBC}") = "VisualTankControl", "VisualTankControl\VisualTankControl.csproj", "{86A62331-9AB5-46DE-A171-CFDD1E299D7A}"
EndProject
Global
	GlobalSection(SolutionConfigurationPlatforms) = preSolution
		Debug|Any CPU = Debug|Any CPU
		Release|Any CPU = Release|Any CPU
	EndGlobalSection
	GlobalSection(ProjectConfigurationPlatforms) = postSolution
		{86A62331-9AB5-46DE-A171-CFDD1E299D7A}.Debug|Any CPU.ActiveCfg = Debug|Any CPU
		{86A62331-9AB5-46DE-A171-CFDD1E299D7A}.Debug|Any CPU.Build.0 = Debug|Any CPU
		{86A62331-9AB5-46DE-A171-CFDD1E299D7A}.Release|Any CPU.ActiveCfg = Release|Any CPU
		{86A62331-9AB5-46DE-A171-CFDD1E299D7A}.Release|Any CPU.Build.0 = Release|Any CPU
	EndGlobalSection
	GlobalSection(SolutionProperties) = preSolution
		HideSolutionNode = FALSE
	EndGlobalSection
	GlobalSection(ExtensibilityGlobals) = postSolution
		SolutionGuid = {00FF9849-167C-4BA5-9F86-BE2341569D99}
	EndGlobalSection
EndGlobal
